
Microsoft Visual Studio Solution File, Format Version 12.00
# Visual Studio 14
VisualStudioVersion = 14.0.23107.0
MinimumVisualStudioVersion = 10.0.40219.1
Project("{FAE04EC0-301F-11D3-BF4B-00C04F79EFBC}") = "ParserService", "ParserService\ParserService.csproj", "{E65CA080-6754-43A4-87C2-2AE7F4B04094}"
EndProject
Project("{FAE04EC0-301F-11D3-BF4B-00C04F79EFBC}") = "ClassLibrary", "ClassLibrary\ClassLibrary.csproj", "{39FC4168-0E8A-49E0-A28F-DCE81BEC4D22}"
EndProject
Project("{FAE04EC0-301F-11D3-BF4B-00C04F79EFBC}") = "ClientUI", "ClientUI\ClientUI.csproj", "{00847376-2429-420C-9871-3E1C7A38FB28}"
EndProject
Global
	GlobalSection(SolutionConfigurationPlatforms) = preSolution
		Debug|Any CPU = Debug|Any CPU
		Release|Any CPU = Release|Any CPU
	EndGlobalSection
	GlobalSection(ProjectConfigurationPlatforms) = postSolution
		{E65CA080-6754-43A4-87C2-2AE7F4B04094}.Debug|Any CPU.ActiveCfg = Debug|Any CPU
		{E65CA080-6754-43A4-87C2-2AE7F4B04094}.Debug|Any CPU.Build.0 = Debug|Any CPU
		{E65CA080-6754-43A4-87C2-2AE7F4B04094}.Release|Any CPU.ActiveCfg = Release|Any CPU
		{E65CA080-6754-43A4-87C2-2AE7F4B04094}.Release|Any CPU.Build.0 = Release|Any CPU
		{39FC4168-0E8A-49E0-A28F-DCE81BEC4D22}.Debug|Any CPU.ActiveCfg = Debug|Any CPU
		{39FC4168-0E8A-49E0-A28F-DCE81BEC4D22}.Debug|Any CPU.Build.0 = Debug|Any CPU
		{39FC4168-0E8A-49E0-A28F-DCE81BEC4D22}.Release|Any CPU.ActiveCfg = Release|Any CPU
		{39FC4168-0E8A-49E0-A28F-DCE81BEC4D22}.Release|Any CPU.Build.0 = Release|Any CPU
		{00847376-2429-420C-9871-3E1C7A38FB28}.Debug|Any CPU.ActiveCfg = Debug|Any CPU
		{00847376-2429-420C-9871-3E1C7A38FB28}.Debug|Any CPU.Build.0 = Debug|Any CPU
		{00847376-2429-420C-9871-3E1C7A38FB28}.Release|Any CPU.ActiveCfg = Release|Any CPU
		{00847376-2429-420C-9871-3E1C7A38FB28}.Release|Any CPU.Build.0 = Release|Any CPU
	EndGlobalSection
	GlobalSection(SolutionProperties) = preSolution
		HideSolutionNode = FALSE
	EndGlobalSection
EndGlobal
